
Microsoft Visual Studio Solution File, Format Version 12.00
# Visual Studio Version 17
VisualStudioVersion = 17.5.33502.453
MinimumVisualStudioVersion = 10.0.40219.1
Project("{FAE04EC0-301F-11D3-BF4B-00C04F79EFBC}") = "cv09", "cv09\cv09.csproj", "{437BC98A-E551-4C8F-BE85-FE9410F7F72E}"
EndProject
Global
	GlobalSection(SolutionConfigurationPlatforms) = preSolution
		Debug|Any CPU = Debug|Any CPU
		Release|Any CPU = Release|Any CPU
	EndGlobalSection
	GlobalSection(ProjectConfigurationPlatforms) = postSolution
		{437BC98A-E551-4C8F-BE85-FE9410F7F72E}.Debug|Any CPU.ActiveCfg = Debug|Any CPU
		{437BC98A-E551-4C8F-BE85-FE9410F7F72E}.Debug|Any CPU.Build.0 = Debug|Any CPU
		{437BC98A-E551-4C8F-BE85-FE9410F7F72E}.Release|Any CPU.ActiveCfg = Release|Any CPU
		{437BC98A-E551-4C8F-BE85-FE9410F7F72E}.Release|Any CPU.Build.0 = Release|Any CPU
	EndGlobalSection
	GlobalSection(SolutionProperties) = preSolution
		HideSolutionNode = FALSE
	EndGlobalSection
	GlobalSection(ExtensibilityGlobals) = postSolution
		SolutionGuid = {092B7B62-1AAA-49CF-828B-0FA3F5229CFB}
	EndGlobalSection
EndGlobal
